
Microsoft Visual Studio Solution File, Format Version 12.00
# Visual Studio 14
VisualStudioVersion = 14.0.25420.1
MinimumVisualStudioVersion = 10.0.40219.1
Project("{FAE04EC0-301F-11D3-BF4B-00C04F79EFBC}") = "CASSYS", "CASSYS.csproj", "{B095D539-D9D0-4C36-A513-EAD9D1DF7491}"
EndProject
Global
	GlobalSection(SolutionConfigurationPlatforms) = preSolution
		Debug|x86 = Debug|x86
		Release|x86 = Release|x86
	EndGlobalSection
	GlobalSection(ProjectConfigurationPlatforms) = postSolution
		{B095D539-D9D0-4C36-A513-EAD9D1DF7491}.Debug|x86.ActiveCfg = Debug|x86
		{B095D539-D9D0-4C36-A513-EAD9D1DF7491}.Debug|x86.Build.0 = Debug|x86
		{B095D539-D9D0-4C36-A513-EAD9D1DF7491}.Release|x86.ActiveCfg = Release|x86
		{B095D539-D9D0-4C36-A513-EAD9D1DF7491}.Release|x86.Build.0 = Release|x86
	EndGlobalSection
	GlobalSection(SolutionProperties) = preSolution
		HideSolutionNode = FALSE
	EndGlobalSection
EndGlobal
